
Microsoft Visual Studio Solution File, Format Version 12.00
# Visual Studio Version 17
VisualStudioVersion = 17.4.33205.214
MinimumVisualStudioVersion = 10.0.40219.1
Project("{FAE04EC0-301F-11D3-BF4B-00C04F79EFBC}") = "GuessingGame v2", "GuessingGame v2.csproj", "{40E78730-B680-4737-8198-DD8669AFD309}"
EndProject
Global
	GlobalSection(SolutionConfigurationPlatforms) = preSolution
		Debug|Any CPU = Debug|Any CPU
		Release|Any CPU = Release|Any CPU
	EndGlobalSection
	GlobalSection(ProjectConfigurationPlatforms) = postSolution
		{40E78730-B680-4737-8198-DD8669AFD309}.Debug|Any CPU.ActiveCfg = Debug|Any CPU
		{40E78730-B680-4737-8198-DD8669AFD309}.Debug|Any CPU.Build.0 = Debug|Any CPU
		{40E78730-B680-4737-8198-DD8669AFD309}.Release|Any CPU.ActiveCfg = Release|Any CPU
		{40E78730-B680-4737-8198-DD8669AFD309}.Release|Any CPU.Build.0 = Release|Any CPU
	EndGlobalSection
	GlobalSection(SolutionProperties) = preSolution
		HideSolutionNode = FALSE
	EndGlobalSection
	GlobalSection(ExtensibilityGlobals) = postSolution
		SolutionGuid = {0512F110-DDC7-47FE-A6BE-CC09AB4E03C3}
	EndGlobalSection
EndGlobal
